
Microsoft Visual Studio Solution File, Format Version 12.00
# Visual Studio Version 16
VisualStudioVersion = 16.0.30320.27
MinimumVisualStudioVersion = 10.0.40219.1
Project("{8BC9CEB8-8B4A-11D0-8D11-00A0C91BC942}") = "01.HelloWorld", "01.HelloWorld\01.HelloWorld.vcxproj", "{BBC125F1-E833-4497-87E4-5362D339A5EB}"
EndProject
Project("{8BC9CEB8-8B4A-11D0-8D11-00A0C91BC942}") = "02.ConstVar", "02.ConstVar\02.ConstVar.vcxproj", "{B92282C4-D83B-45BD-AA91-3CA177792C05}"
EndProject
Project("{8BC9CEB8-8B4A-11D0-8D11-00A0C91BC942}") = "03.DataType", "03.DataType\03.DataType.vcxproj", "{194CC9E0-0DBA-47C1-80CE-FEB61FDBEE10}"
EndProject
Project("{8BC9CEB8-8B4A-11D0-8D11-00A0C91BC942}") = "04.Operator", "04.Operator\04.Operator.vcxproj", "{8855A84F-8D07-41CC-97F5-6AB98F1CE55D}"
EndProject
Project("{8BC9CEB8-8B4A-11D0-8D11-00A0C91BC942}") = "05.FlowStruct", "05.FlowStruct\05.FlowStruct.vcxproj", "{2E846B3F-D4DD-4F9D-96E8-EB89C2BD52CA}"
EndProject
Project("{8BC9CEB8-8B4A-11D0-8D11-00A0C91BC942}") = "06.Array", "06.Array\06.Array.vcxproj", "{6EC262D8-942F-4CE7-81A5-4385BC5C101F}"
EndProject
Project("{8BC9CEB8-8B4A-11D0-8D11-00A0C91BC942}") = "07.Function", "07.Function\07.Function.vcxproj", "{15722947-A567-45A1-8714-903955D48819}"
EndProject
Project("{8BC9CEB8-8B4A-11D0-8D11-00A0C91BC942}") = "08.Pointer", "08.Pointer\08.Pointer.vcxproj", "{48FEEFD0-3873-4F52-816F-1D5A4178660B}"
EndProject
Project("{8BC9CEB8-8B4A-11D0-8D11-00A0C91BC942}") = "09.Struct", "09.Struct\09.Struct.vcxproj", "{DAFC1EE5-4C79-496F-A3E7-41E3567ABFAC}"
EndProject
Project("{8BC9CEB8-8B4A-11D0-8D11-00A0C91BC942}") = "10.MemoryMamage", "10.MemoryMamage\10.MemoryMamage.vcxproj", "{6B38127E-2F0F-4964-95F1-6CA96080B49E}"
EndProject
Project("{8BC9CEB8-8B4A-11D0-8D11-00A0C91BC942}") = "11.Reference", "11.Reference\11.Reference.vcxproj", "{4B10BA70-115A-4B15-9949-630682CFE203}"
EndProject
Project("{8BC9CEB8-8B4A-11D0-8D11-00A0C91BC942}") = "12.ObjectOriented", "12.ObjectOriented\12.ObjectOriented.vcxproj", "{92975BBE-14A2-4E3F-849B-A4BDFA0F9795}"
EndProject
Project("{8BC9CEB8-8B4A-11D0-8D11-00A0C91BC942}") = "13.Vector", "13.Vector\13.Vector.vcxproj", "{2A3B9AFA-E022-44F5-A5D1-566E6950EBB0}"
EndProject
Project("{8BC9CEB8-8B4A-11D0-8D11-00A0C91BC942}") = "14.String", "14.String\14.String.vcxproj", "{FD6A99AF-18A6-4157-90B8-84E6B0FD63AA}"
EndProject
Project("{8BC9CEB8-8B4A-11D0-8D11-00A0C91BC942}") = "15.Deque", "15.Deque\15.Deque.vcxproj", "{CD585D48-84A8-4B0C-B30E-36F66E5D59EC}"
EndProject
Project("{8BC9CEB8-8B4A-11D0-8D11-00A0C91BC942}") = "16.Stack", "16.Stack\16.Stack.vcxproj", "{9EA5C54F-9F87-4C6E-BADC-B9970A98DC69}"
EndProject
Project("{8BC9CEB8-8B4A-11D0-8D11-00A0C91BC942}") = "17.Queue", "17.Queue\17.Queue.vcxproj", "{3EEDDE45-C8EA-4008-9F2D-1E71F019C6FB}"
EndProject
Project("{8BC9CEB8-8B4A-11D0-8D11-00A0C91BC942}") = "18.List", "18.List\18.List.vcxproj", "{CEA3D46B-2AD3-4EC6-BB12-519BA52D63AE}"
EndProject
Project("{8BC9CEB8-8B4A-11D0-8D11-00A0C91BC942}") = "19.Set", "19.Set\19.Set.vcxproj", "{54417090-0AEB-414F-8A6F-97921DF6EDF9}"
EndProject
Global
	GlobalSection(SolutionConfigurationPlatforms) = preSolution
		Debug|x64 = Debug|x64
		Debug|x86 = Debug|x86
		Release|x64 = Release|x64
		Release|x86 = Release|x86
	EndGlobalSection
	GlobalSection(ProjectConfigurationPlatforms) = postSolution
		{BBC125F1-E833-4497-87E4-5362D339A5EB}.Debug|x64.ActiveCfg = Debug|x64
		{BBC125F1-E833-4497-87E4-5362D339A5EB}.Debug|x64.Build.0 = Debug|x64
		{BBC125F1-E833-4497-87E4-5362D339A5EB}.Debug|x86.ActiveCfg = Debug|Win32
		{BBC125F1-E833-4497-87E4-5362D339A5EB}.Debug|x86.Build.0 = Debug|Win32
		{BBC125F1-E833-4497-87E4-5362D339A5EB}.Release|x64.ActiveCfg = Release|x64
		{BBC125F1-E833-4497-87E4-5362D339A5EB}.Release|x64.Build.0 = Release|x64
		{BBC125F1-E833-4497-87E4-5362D339A5EB}.Release|x86.ActiveCfg = Release|Win32
		{BBC125F1-E833-4497-87E4-5362D339A5EB}.Release|x86.Build.0 = Release|Win32
		{B92282C4-D83B-45BD-AA91-3CA177792C05}.Debug|x64.ActiveCfg = Debug|x64
		{B92282C4-D83B-45BD-AA91-3CA177792C05}.Debug|x64.Build.0 = Debug|x64
		{B92282C4-D83B-45BD-AA91-3CA177792C05}.Debug|x86.ActiveCfg = Debug|Win32
		{B92282C4-D83B-45BD-AA91-3CA177792C05}.Debug|x86.Build.0 = Debug|Win32
		{B92282C4-D83B-45BD-AA91-3CA177792C05}.Release|x64.ActiveCfg = Release|x64
		{B92282C4-D83B-45BD-AA91-3CA177792C05}.Release|x64.Build.0 = Release|x64
		{B92282C4-D83B-45BD-AA91-3CA177792C05}.Release|x86.ActiveCfg = Release|Win32
		{B92282C4-D83B-45BD-AA91-3CA177792C05}.Release|x86.Build.0 = Release|Win32
		{194CC9E0-0DBA-47C1-80CE-FEB61FDBEE10}.Debug|x64.ActiveCfg = Debug|x64
		{194CC9E0-0DBA-47C1-80CE-FEB61FDBEE10}.Debug|x64.Build.0 = Debug|x64
		{194CC9E0-0DBA-47C1-80CE-FEB61FDBEE10}.Debug|x86.ActiveCfg = Debug|Win32
		{194CC9E0-0DBA-47C1-80CE-FEB61FDBEE10}.Debug|x86.Build.0 = Debug|Win32
		{194CC9E0-0DBA-47C1-80CE-FEB61FDBEE10}.Release|x64.ActiveCfg = Release|x64
		{194CC9E0-0DBA-47C1-80CE-FEB61FDBEE10}.Release|x64.Build.0 = Release|x64
		{194CC9E0-0DBA-47C1-80CE-FEB61FDBEE10}.Release|x86.ActiveCfg = Release|Win32
		{194CC9E0-0DBA-47C1-80CE-FEB61FDBEE10}.Release|x86.Build.0 = Release|Win32
		{8855A84F-8D07-41CC-97F5-6AB98F1CE55D}.Debug|x64.ActiveCfg = Debug|x64
		{8855A84F-8D07-41CC-97F5-6AB98F1CE55D}.Debug|x64.Build.0 = Debug|x64
		{8855A84F-8D07-41CC-97F5-6AB98F1CE55D}.Debug|x86.ActiveCfg = Debug|Win32
		{8855A84F-8D07-41CC-97F5-6AB98F1CE55D}.Debug|x86.Build.0 = Debug|Win32
		{8855A84F-8D07-41CC-97F5-6AB98F1CE55D}.Release|x64.ActiveCfg = Release|x64
		{8855A84F-8D07-41CC-97F5-6AB98F1CE55D}.Release|x64.Build.0 = Release|x64
		{8855A84F-8D07-41CC-97F5-6AB98F1CE55D}.Release|x86.ActiveCfg = Release|Win32
		{8855A84F-8D07-41CC-97F5-6AB98F1CE55D}.Release|x86.Build.0 = Release|Win32
		{2E846B3F-D4DD-4F9D-96E8-EB89C2BD52CA}.Debug|x64.ActiveCfg = Debug|x64
		{2E846B3F-D4DD-4F9D-96E8-EB89C2BD52CA}.Debug|x64.Build.0 = Debug|x64
		{2E846B3F-D4DD-4F9D-96E8-EB89C2BD52CA}.Debug|x86.ActiveCfg = Debug|Win32
		{2E846B3F-D4DD-4F9D-96E8-EB89C2BD52CA}.Debug|x86.Build.0 = Debug|Win32
		{2E846B3F-D4DD-4F9D-96E8-EB89C2BD52CA}.Release|x64.ActiveCfg = Release|x64
		{2E846B3F-D4DD-4F9D-96E8-EB89C2BD52CA}.Release|x64.Build.0 = Release|x64
		{2E846B3F-D4DD-4F9D-96E8-EB89C2BD52CA}.Release|x86.ActiveCfg = Release|Win32
		{2E846B3F-D4DD-4F9D-96E8-EB89C2BD52CA}.Release|x86.Build.0 = Release|Win32
		{6EC262D8-942F-4CE7-81A5-4385BC5C101F}.Debug|x64.ActiveCfg = Debug|x64
		{6EC262D8-942F-4CE7-81A5-4385BC5C101F}.Debug|x64.Build.0 = Debug|x64
		{6EC262D8-942F-4CE7-81A5-4385BC5C101F}.Debug|x86.ActiveCfg = Debug|Win32
		{6EC262D8-942F-4CE7-81A5-4385BC5C101F}.Debug|x86.Build.0 = Debug|Win32
		{6EC262D8-942F-4CE7-81A5-4385BC5C101F}.Release|x64.ActiveCfg = Release|x64
		{6EC262D8-942F-4CE7-81A5-4385BC5C101F}.Release|x64.Build.0 = Release|x64
		{6EC262D8-942F-4CE7-81A5-4385BC5C101F}.Release|x86.ActiveCfg = Release|Win32
		{6EC262D8-942F-4CE7-81A5-4385BC5C101F}.Release|x86.Build.0 = Release|Win32
		{15722947-A567-45A1-8714-903955D48819}.Debug|x64.ActiveCfg = Debug|x64
		{15722947-A567-45A1-8714-903955D48819}.Debug|x64.Build.0 = Debug|x64
		{15722947-A567-45A1-8714-903955D48819}.Debug|x86.ActiveCfg = Debug|Win32
		{15722947-A567-45A1-8714-903955D48819}.Debug|x86.Build.0 = Debug|Win32
		{15722947-A567-45A1-8714-903955D48819}.Release|x64.ActiveCfg = Release|x64
		{15722947-A567-45A1-8714-903955D48819}.Release|x64.Build.0 = Release|x64
		{15722947-A567-45A1-8714-903955D48819}.Release|x86.ActiveCfg = Release|Win32
		{15722947-A567-45A1-8714-903955D48819}.Release|x86.Build.0 = Release|Win32
		{48FEEFD0-3873-4F52-816F-1D5A4178660B}.Debug|x64.ActiveCfg = Debug|x64
		{48FEEFD0-3873-4F52-816F-1D5A4178660B}.Debug|x64.Build.0 = Debug|x64
		{48FEEFD0-3873-4F52-816F-1D5A4178660B}.Debug|x86.ActiveCfg = Debug|Win32
		{48FEEFD0-3873-4F52-816F-1D5A4178660B}.Debug|x86.Build.0 = Debug|Win32
		{48FEEFD0-3873-4F52-816F-1D5A4178660B}.Release|x64.ActiveCfg = Release|x64
		{48FEEFD0-3873-4F52-816F-1D5A4178660B}.Release|x64.Build.0 = Release|x64
		{48FEEFD0-3873-4F52-816F-1D5A4178660B}.Release|x86.ActiveCfg = Release|Win32
		{48FEEFD0-3873-4F52-816F-1D5A4178660B}.Release|x86.Build.0 = Release|Win32
		{DAFC1EE5-4C79-496F-A3E7-41E3567ABFAC}.Debug|x64.ActiveCfg = Debug|x64
		{DAFC1EE5-4C79-496F-A3E7-41E3567ABFAC}.Debug|x64.Build.0 = Debug|x64
		{DAFC1EE5-4C79-496F-A3E7-41E3567ABFAC}.Debug|x86.ActiveCfg = Debug|Win32
		{DAFC1EE5-4C79-496F-A3E7-41E3567ABFAC}.Debug|x86.Build.0 = Debug|Win32
		{DAFC1EE5-4C79-496F-A3E7-41E3567ABFAC}.Release|x64.ActiveCfg = Release|x64
		{DAFC1EE5-4C79-496F-A3E7-41E3567ABFAC}.Release|x64.Build.0 = Release|x64
		{DAFC1EE5-4C79-496F-A3E7-41E3567ABFAC}.Release|x86.ActiveCfg = Release|Win32
		{DAFC1EE5-4C79-496F-A3E7-41E3567ABFAC}.Release|x86.Build.0 = Release|Win32
		{6B38127E-2F0F-4964-95F1-6CA96080B49E}.Debug|x64.ActiveCfg = Debug|x64
		{6B38127E-2F0F-4964-95F1-6CA96080B49E}.Debug|x64.Build.0 = Debug|x64
		{6B38127E-2F0F-4964-95F1-6CA96080B49E}.Debug|x86.ActiveCfg = Debug|Win32
		{6B38127E-2F0F-4964-95F1-6CA96080B49E}.Debug|x86.Build.0 = Debug|Win32
		{6B38127E-2F0F-4964-95F1-6CA96080B49E}.Release|x64.ActiveCfg = Release|x64
		{6B38127E-2F0F-4964-95F1-6CA96080B49E}.Release|x64.Build.0 = Release|x64
		{6B38127E-2F0F-4964-95F1-6CA96080B49E}.Release|x86.ActiveCfg = Release|Win32
		{6B38127E-2F0F-4964-95F1-6CA96080B49E}.Release|x86.Build.0 = Release|Win32
		{4B10BA70-115A-4B15-9949-630682CFE203}.Debug|x64.ActiveCfg = Debug|x64
		{4B10BA70-115A-4B15-9949-630682CFE203}.Debug|x64.Build.0 = Debug|x64
		{4B10BA70-115A-4B15-9949-630682CFE203}.Debug|x86.ActiveCfg = Debug|Win32
		{4B10BA70-115A-4B15-9949-630682CFE203}.Debug|x86.Build.0 = Debug|Win32
		{4B10BA70-115A-4B15-9949-630682CFE203}.Release|x64.ActiveCfg = Release|x64
		{4B10BA70-115A-4B15-9949-630682CFE203}.Release|x64.Build.0 = Release|x64
		{4B10BA70-115A-4B15-9949-630682CFE203}.Release|x86.ActiveCfg = Release|Win32
		{4B10BA70-115A-4B15-9949-630682CFE203}.Release|x86.Build.0 = Release|Win32
		{92975BBE-14A2-4E3F-849B-A4BDFA0F9795}.Debug|x64.ActiveCfg = Debug|x64
		{92975BBE-14A2-4E3F-849B-A4BDFA0F9795}.Debug|x64.Build.0 = Debug|x64
		{92975BBE-14A2-4E3F-849B-A4BDFA0F9795}.Debug|x86.ActiveCfg = Debug|Win32
		{92975BBE-14A2-4E3F-849B-A4BDFA0F9795}.Debug|x86.Build.0 = Debug|Win32
		{92975BBE-14A2-4E3F-849B-A4BDFA0F9795}.Release|x64.ActiveCfg = Release|x64
		{92975BBE-14A2-4E3F-849B-A4BDFA0F9795}.Release|x64.Build.0 = Release|x64
		{92975BBE-14A2-4E3F-849B-A4BDFA0F9795}.Release|x86.ActiveCfg = Release|Win32
		{92975BBE-14A2-4E3F-849B-A4BDFA0F9795}.Release|x86.Build.0 = Release|Win32
		{2A3B9AFA-E022-44F5-A5D1-566E6950EBB0}.Debug|x64.ActiveCfg = Debug|x64
		{2A3B9AFA-E022-44F5-A5D1-566E6950EBB0}.Debug|x64.Build.0 = Debug|x64
		{2A3B9AFA-E022-44F5-A5D1-566E6950EBB0}.Debug|x86.ActiveCfg = Debug|Win32
		{2A3B9AFA-E022-44F5-A5D1-566E6950EBB0}.Debug|x86.Build.0 = Debug|Win32
		{2A3B9AFA-E022-44F5-A5D1-566E6950EBB0}.Release|x64.ActiveCfg = Release|x64
		{2A3B9AFA-E022-44F5-A5D1-566E6950EBB0}.Release|x64.Build.0 = Release|x64
		{2A3B9AFA-E022-44F5-A5D1-566E6950EBB0}.Release|x86.ActiveCfg = Release|Win32
		{2A3B9AFA-E022-44F5-A5D1-566E6950EBB0}.Release|x86.Build.0 = Release|Win32
		{FD6A99AF-18A6-4157-90B8-84E6B0FD63AA}.Debug|x64.ActiveCfg = Debug|x64
		{FD6A99AF-18A6-4157-90B8-84E6B0FD63AA}.Debug|x64.Build.0 = Debug|x64
		{FD6A99AF-18A6-4157-90B8-84E6B0FD63AA}.Debug|x86.ActiveCfg = Debug|Win32
		{FD6A99AF-18A6-4157-90B8-84E6B0FD63AA}.Debug|x86.Build.0 = Debug|Win32
		{FD6A99AF-18A6-4157-90B8-84E6B0FD63AA}.Release|x64.ActiveCfg = Release|x64
		{FD6A99AF-18A6-4157-90B8-84E6B0FD63AA}.Release|x64.Build.0 = Release|x64
		{FD6A99AF-18A6-4157-90B8-84E6B0FD63AA}.Release|x86.ActiveCfg = Release|Win32
		{FD6A99AF-18A6-4157-90B8-84E6B0FD63AA}.Release|x86.Build.0 = Release|Win32
		{CD585D48-84A8-4B0C-B30E-36F66E5D59EC}.Debug|x64.ActiveCfg = Debug|x64
		{CD585D48-84A8-4B0C-B30E-36F66E5D59EC}.Debug|x64.Build.0 = Debug|x64
		{CD585D48-84A8-4B0C-B30E-36F66E5D59EC}.Debug|x86.ActiveCfg = Debug|Win32
		{CD585D48-84A8-4B0C-B30E-36F66E5D59EC}.Debug|x86.Build.0 = Debug|Win32
		{CD585D48-84A8-4B0C-B30E-36F66E5D59EC}.Release|x64.ActiveCfg = Release|x64
		{CD585D48-84A8-4B0C-B30E-36F66E5D59EC}.Release|x64.Build.0 = Release|x64
		{CD585D48-84A8-4B0C-B30E-36F66E5D59EC}.Release|x86.ActiveCfg = Release|Win32
		{CD585D48-84A8-4B0C-B30E-36F66E5D59EC}.Release|x86.Build.0 = Release|Win32
		{9EA5C54F-9F87-4C6E-BADC-B9970A98DC69}.Debug|x64.ActiveCfg = Debug|x64
		{9EA5C54F-9F87-4C6E-BADC-B9970A98DC69}.Debug|x64.Build.0 = Debug|x64
		{9EA5C54F-9F87-4C6E-BADC-B9970A98DC69}.Debug|x86.ActiveCfg = Debug|Win32
		{9EA5C54F-9F87-4C6E-BADC-B9970A98DC69}.Debug|x86.Build.0 = Debug|Win32
		{9EA5C54F-9F87-4C6E-BADC-B9970A98DC69}.Release|x64.ActiveCfg = Release|x64
		{9EA5C54F-9F87-4C6E-BADC-B9970A98DC69}.Release|x64.Build.0 = Release|x64
		{9EA5C54F-9F87-4C6E-BADC-B9970A98DC69}.Release|x86.ActiveCfg = Release|Win32
		{9EA5C54F-9F87-4C6E-BADC-B9970A98DC69}.Release|x86.Build.0 = Release|Win32
		{3EEDDE45-C8EA-4008-9F2D-1E71F019C6FB}.Debug|x64.ActiveCfg = Debug|x64
		{3EEDDE45-C8EA-4008-9F2D-1E71F019C6FB}.Debug|x64.Build.0 = Debug|x64
		{3EEDDE45-C8EA-4008-9F2D-1E71F019C6FB}.Debug|x86.ActiveCfg = Debug|Win32
		{3EEDDE45-C8EA-4008-9F2D-1E71F019C6FB}.Debug|x86.Build.0 = Debug|Win32
		{3EEDDE45-C8EA-4008-9F2D-1E71F019C6FB}.Release|x64.ActiveCfg = Release|x64
		{3EEDDE45-C8EA-4008-9F2D-1E71F019C6FB}.Release|x64.Build.0 = Release|x64
		{3EEDDE45-C8EA-4008-9F2D-1E71F019C6FB}.Release|x86.ActiveCfg = Release|Win32
		{3EEDDE45-C8EA-4008-9F2D-1E71F019C6FB}.Release|x86.Build.0 = Release|Win32
		{CEA3D46B-2AD3-4EC6-BB12-519BA52D63AE}.Debug|x64.ActiveCfg = Debug|x64
		{CEA3D46B-2AD3-4EC6-BB12-519BA52D63AE}.Debug|x64.Build.0 = Debug|x64
		{CEA3D46B-2AD3-4EC6-BB12-519BA52D63AE}.Debug|x86.ActiveCfg = Debug|Win32
		{CEA3D46B-2AD3-4EC6-BB12-519BA52D63AE}.Debug|x86.Build.0 = Debug|Win32
		{CEA3D46B-2AD3-4EC6-BB12-519BA52D63AE}.Release|x64.ActiveCfg = Release|x64
		{CEA3D46B-2AD3-4EC6-BB12-519BA52D63AE}.Release|x64.Build.0 = Release|x64
		{CEA3D46B-2AD3-4EC6-BB12-519BA52D63AE}.Release|x86.ActiveCfg = Release|Win32
		{CEA3D46B-2AD3-4EC6-BB12-519BA52D63AE}.Release|x86.Build.0 = Release|Win32
		{54417090-0AEB-414F-8A6F-97921DF6EDF9}.Debug|x64.ActiveCfg = Debug|x64
		{54417090-0AEB-414F-8A6F-97921DF6EDF9}.Debug|x64.Build.0 = Debug|x64
		{54417090-0AEB-414F-8A6F-97921DF6EDF9}.Debug|x86.ActiveCfg = Debug|Win32
		{54417090-0AEB-414F-8A6F-97921DF6EDF9}.Debug|x86.Build.0 = Debug|Win32
		{54417090-0AEB-414F-8A6F-97921DF6EDF9}.Release|x64.ActiveCfg = Release|x64
		{54417090-0AEB-414F-8A6F-97921DF6EDF9}.Release|x64.Build.0 = Release|x64
		{54417090-0AEB-414F-8A6F-97921DF6EDF9}.Release|x86.ActiveCfg = Release|Win32
		{54417090-0AEB-414F-8A6F-97921DF6EDF9}.Release|x86.Build.0 = Release|Win32
	EndGlobalSection
	GlobalSection(SolutionProperties) = preSolution
		HideSolutionNode = FALSE
	EndGlobalSection
	GlobalSection(ExtensibilityGlobals) = postSolution
		SolutionGuid = {511BED80-04AA-414A-8749-63C1D81B08E9}
	EndGlobalSection
EndGlobal
